{
  "name": "xstream_debug",
  "version": "1.0.0",
  "lockfileVersion": 1,
  "requires": true,
  "dependencies": {
    "symbol-observable": {
      "version": "1.2.0",
      "resolved": "https://registry.npmjs.org/symbol-observable/-/symbol-observable-1.2.0.tgz",
      "integrity": "sha512-e900nM8RRtGhlV36KGEU9k65K3mPb1WV70OdjfxlG2EAuM1noi/E/BaW/uMhL7bPEssK8QV57vN3esixjUvcXQ=="
    },
    "typescript": {
      "version": "4.0.3",
      "resolved": "https://registry.npmjs.org/typescript/-/typescript-4.0.3.tgz",
      "integrity": "sha512-tEu6DGxGgRJPb/mVPIZ48e69xCn2yRmCgYmDugAVwmJ6o+0u1RI18eO7E7WBTLYLaEVVOhwQmcdhQHweux/WPg=="
    },
    "xstream": {
      "version": "11.13.0",
      "resolved": "https://registry.npmjs.org/xstream/-/xstream-11.13.0.tgz",
      "integrity": "sha512-IiTO53rJ+Y5Jj7qMq0f3nwWU1KsajkJkzudTXJa/f3DQ1ifw5O6z/IFZuYF4osfPKhU85jyGaSfY3zqdiMNTVw==",
      "requires": {
        "symbol-observable": "1.2.0"
      }
    }
  }
}
